// !$*UTF8*$!
{
	archiveVersion = 1;
	classes = {
	};
	objectVersion = 46;
	objects = {

/* Begin PBXBuildFile section */
		DB9FD337A0B953AE7E490C38 /* libPods.a in Frameworks */ = {isa = PBXBuildFile; fileRef = DC086D82EFC11EA66590DAEE /* libPods.a */; };
		E60223C01C12E13D0049BECE /* NSDate+CalciferExtension.m in Sources */ = {isa = PBXBuildFile; fileRef = E60223B91C12E13D0049BECE /* NSDate+CalciferExtension.m */; };
		E60223C11C12E13D0049BECE /* UIBarButtonItem+Extension.m in Sources */ = {isa = PBXBuildFile; fileRef = E60223BB1C12E13D0049BECE /* UIBarButtonItem+Extension.m */; };
		E60223C21C12E13D0049BECE /* UIImage+Extension.m in Sources */ = {isa = PBXBuildFile; fileRef = E60223BD1C12E13D0049BECE /* UIImage+Extension.m */; };
		E60223C31C12E13D0049BECE /* UIView+Extension.m in Sources */ = {isa = PBXBuildFile; fileRef = E60223BF1C12E13D0049BECE /* UIView+Extension.m */; };
		E612B9DD1C1BFCF80089BA3C /* CoreLocation.framework in Frameworks */ = {isa = PBXBuildFile; fileRef = E612B9DC1C1BFCF80089BA3C /* CoreLocation.framework */; };
		E612B9E21C1C03890089BA3C /* NSArray+Extension.m in Sources */ = {isa = PBXBuildFile; fileRef = E612B9DF1C1C03890089BA3C /* NSArray+Extension.m */; };
		E612B9E31C1C03890089BA3C /* NSDictionary+Extension.m in Sources */ = {isa = PBXBuildFile; fileRef = E612B9E11C1C03890089BA3C /* NSDictionary+Extension.m */; };
		E612B9E71C1C0AB90089BA3C /* WeatherModel.m in Sources */ = {isa = PBXBuildFile; fileRef = E612B9E61C1C0AB80089BA3C /* WeatherModel.m */; };
		E64165181C1C1670003E4587 /* NSArray+NTLJSONKeyPath.m in Sources */ = {isa = PBXBuildFile; fileRef = E64165171C1C1670003E4587 /* NSArray+NTLJSONKeyPath.m */; };
		E65F42561C0B47F4004EFB00 /* CalendarSwitchView.m in Sources */ = {isa = PBXBuildFile; fileRef = E65F42551C0B47F4004EFB00 /* CalendarSwitchView.m */; };
		E65F42591C0B4821004EFB00 /* CalendarSwitchViewController.m in Sources */ = {isa = PBXBuildFile; fileRef = E65F42581C0B4821004EFB00 /* CalendarSwitchViewController.m */; };
		E67774421C0C1BBF00FA598F /* CalendarTitleView.m in Sources */ = {isa = PBXBuildFile; fileRef = E67774411C0C1BBF00FA598F /* CalendarTitleView.m */; };
		E679D4D81C157AB500525004 /* SortimeUITests.m in Sources */ = {isa = PBXBuildFile; fileRef = E679D4D71C157AB500525004 /* SortimeUITests.m */; };
		E679D4E61C157ABF00525004 /* SortimeTests.m in Sources */ = {isa = PBXBuildFile; fileRef = E679D4E51C157ABF00525004 /* SortimeTests.m */; };
		E6833A9B1C05CD17000020E0 /* CalendarListPageWeatherView.m in Sources */ = {isa = PBXBuildFile; fileRef = E6833A9A1C05CD17000020E0 /* CalendarListPageWeatherView.m */; };
		E6833A9E1C05CE1C000020E0 /* CalendarListPageWeatherModel.m in Sources */ = {isa = PBXBuildFile; fileRef = E6833A9D1C05CE1C000020E0 /* CalendarListPageWeatherModel.m */; };
		E6833AA11C05E164000020E0 /* CalendarListPageNoticeView.m in Sources */ = {isa = PBXBuildFile; fileRef = E6833AA01C05E164000020E0 /* CalendarListPageNoticeView.m */; };
		E6833AB01C062927000020E0 /* SmartAddTitleView.m in Sources */ = {isa = PBXBuildFile; fileRef = E6833AAF1C062927000020E0 /* SmartAddTitleView.m */; };
		E6833AB31C06293D000020E0 /* SmartAddTypeView.m in Sources */ = {isa = PBXBuildFile; fileRef = E6833AB21C06293D000020E0 /* SmartAddTypeView.m */; };
		E68E9F3A1C1C60B600797674 /* NSString+ChineseCalendar.m in Sources */ = {isa = PBXBuildFile; fileRef = E68E9F391C1C60B600797674 /* NSString+ChineseCalendar.m */; };
		E68E9F3F1C1D45DE00797674 /* SettingCell.m in Sources */ = {isa = PBXBuildFile; fileRef = E68E9F3E1C1D45DE00797674 /* SettingCell.m */; };
		E68E9F441C1D45F900797674 /* SettingNavigationController.m in Sources */ = {isa = PBXBuildFile; fileRef = E68E9F411C1D45F900797674 /* SettingNavigationController.m */; };
		E68E9F451C1D45F900797674 /* SettingViewController.m in Sources */ = {isa = PBXBuildFile; fileRef = E68E9F431C1D45F900797674 /* SettingViewController.m */; };
		E68EA07A1C1D4D3800797674 /* SettingModel.m in Sources */ = {isa = PBXBuildFile; fileRef = E68EA0791C1D4D3800797674 /* SettingModel.m */; };
		E68EA07F1C1D4E4700797674 /* SettingGroup.m in Sources */ = {isa = PBXBuildFile; fileRef = E68EA07C1C1D4E4700797674 /* SettingGroup.m */; };
		E68EA0801C1D4E4700797674 /* SettingLabelModel.m in Sources */ = {isa = PBXBuildFile; fileRef = E68EA07E1C1D4E4700797674 /* SettingLabelModel.m */; };
		E68EA0831C1D4E8500797674 /* SettingArrowModel.m in Sources */ = {isa = PBXBuildFile; fileRef = E68EA0821C1D4E8500797674 /* SettingArrowModel.m */; };
		E68EA0861C1D4EA900797674 /* SettingSwitchModel.m in Sources */ = {isa = PBXBuildFile; fileRef = E68EA0851C1D4EA900797674 /* SettingSwitchModel.m */; };
		E68EA0891C1D4F1F00797674 /* BaseTableViewController.m in Sources */ = {isa = PBXBuildFile; fileRef = E68EA0881C1D4F1F00797674 /* BaseTableViewController.m */; };
		E68EA08C1C1D504F00797674 /* SaveTool.m in Sources */ = {isa = PBXBuildFile; fileRef = E68EA08B1C1D504F00797674 /* SaveTool.m */; };
		E68F72781C02E88F007B3A3C /* Main.storyboard in Resources */ = {isa = PBXBuildFile; fileRef = E68F72761C02E88F007B3A3C /* Main.storyboard */; };
		E68F727A1C02E88F007B3A3C /* Assets.xcassets in Resources */ = {isa = PBXBuildFile; fileRef = E68F72791C02E88F007B3A3C /* Assets.xcassets */; };
		E68F727D1C02E88F007B3A3C /* LaunchScreen.storyboard in Resources */ = {isa = PBXBuildFile; fileRef = E68F727B1C02E88F007B3A3C /* LaunchScreen.storyboard */; };
		E68F72881C0317A5007B3A3C /* CalendarNavigationController.m in Sources */ = {isa = PBXBuildFile; fileRef = E68F72871C0317A5007B3A3C /* CalendarNavigationController.m */; };
		E68F728E1C031818007B3A3C /* CalendarViewController.m in Sources */ = {isa = PBXBuildFile; fileRef = E68F728D1C031818007B3A3C /* CalendarViewController.m */; };
		E68F72971C0318B4007B3A3C /* CalendarMonthView.m in Sources */ = {isa = PBXBuildFile; fileRef = E68F72961C0318B4007B3A3C /* CalendarMonthView.m */; };
		E68F729A1C0318BF007B3A3C /* CalendarListView.m in Sources */ = {isa = PBXBuildFile; fileRef = E68F72991C0318BF007B3A3C /* CalendarListView.m */; };
		E68F729D1C0318CC007B3A3C /* CalendarWeekView.m in Sources */ = {isa = PBXBuildFile; fileRef = E68F729C1C0318CC007B3A3C /* CalendarWeekView.m */; };
		E68F72A01C0318DC007B3A3C /* CalendarDayView.m in Sources */ = {isa = PBXBuildFile; fileRef = E68F729F1C0318DC007B3A3C /* CalendarDayView.m */; };
		E68F72A31C0318E4007B3A3C /* CalendarCoverView.m in Sources */ = {isa = PBXBuildFile; fileRef = E68F72A21C0318E4007B3A3C /* CalendarCoverView.m */; };
		E68F72A91C032169007B3A3C /* CalendarView.m in Sources */ = {isa = PBXBuildFile; fileRef = E68F72A81C032169007B3A3C /* CalendarView.m */; };
		E69815BB1C0B258B00DDBA96 /* AddFriendViewController.m in Sources */ = {isa = PBXBuildFile; fileRef = E69815BA1C0B258B00DDBA96 /* AddFriendViewController.m */; };
		E69815BE1C0B25F300DDBA96 /* AddFriendSearchView.m in Sources */ = {isa = PBXBuildFile; fileRef = E69815BD1C0B25F300DDBA96 /* AddFriendSearchView.m */; };
		E69815C11C0B261C00DDBA96 /* AddFriendTableView.m in Sources */ = {isa = PBXBuildFile; fileRef = E69815C01C0B261C00DDBA96 /* AddFriendTableView.m */; };
		E69815C41C0B2B5A00DDBA96 /* TwoDimentionCodeViewController.m in Sources */ = {isa = PBXBuildFile; fileRef = E69815C31C0B2B5A00DDBA96 /* TwoDimentionCodeViewController.m */; };
		E6A29FA91C0EE3F2006E5143 /* CalendarListPageViewController.m in Sources */ = {isa = PBXBuildFile; fileRef = E6A29FA81C0EE3F2006E5143 /* CalendarListPageViewController.m */; };
		E6BABE481C04CDD3005C9409 /* CalendarListPageView.m in Sources */ = {isa = PBXBuildFile; fileRef = E6BABE471C04CDD3005C9409 /* CalendarListPageView.m */; };
		E6E3D54E1C11BA0900EE012C /* AppDelegate.m in Sources */ = {isa = PBXBuildFile; fileRef = E6E3D53E1C11BA0900EE012C /* AppDelegate.m */; };
		E6E3D54F1C11BA0900EE012C /* BaseViewController.m in Sources */ = {isa = PBXBuildFile; fileRef = E6E3D5401C11BA0900EE012C /* BaseViewController.m */; };
		E6E3D5501C11BA0900EE012C /* Info.plist in Resources */ = {isa = PBXBuildFile; fileRef = E6E3D5411C11BA0900EE012C /* Info.plist */; };
		E6E3D5511C11BA0900EE012C /* main.m in Sources */ = {isa = PBXBuildFile; fileRef = E6E3D5421C11BA0900EE012C /* main.m */; };
		E6E3D5521C11BA0900EE012C /* MainTabBar.m in Sources */ = {isa = PBXBuildFile; fileRef = E6E3D5441C11BA0900EE012C /* MainTabBar.m */; };
		E6E3D5531C11BA0900EE012C /* MainTabBarController.m in Sources */ = {isa = PBXBuildFile; fileRef = E6E3D5461C11BA0900EE012C /* MainTabBarController.m */; };
		E6E3D5561C11BA0900EE012C /* ViewController.m in Sources */ = {isa = PBXBuildFile; fileRef = E6E3D54D1C11BA0900EE012C /* ViewController.m */; };
		E6E3D55B1C11CB6C00EE012C /* DataBaseManager.m in Sources */ = {isa = PBXBuildFile; fileRef = E6E3D55A1C11CB6C00EE012C /* DataBaseManager.m */; };
		E6E3D55E1C11CB8B00EE012C /* NetworkTool.m in Sources */ = {isa = PBXBuildFile; fileRef = E6E3D55D1C11CB8B00EE012C /* NetworkTool.m */; };
		E6FFF2481C08482E00E6B081 /* CalendarListPageTableView.m in Sources */ = {isa = PBXBuildFile; fileRef = E6FFF2471C08482E00E6B081 /* CalendarListPageTableView.m */; };
		E6FFF24E1C09817100E6B081 /* CalendarListPageTableViewCell.m in Sources */ = {isa = PBXBuildFile; fileRef = E6FFF24D1C09817100E6B081 /* CalendarListPageTableViewCell.m */; };
		E6FFF2541C09951E00E6B081 /* SmartAddViewController.m in Sources */ = {isa = PBXBuildFile; fileRef = E6FFF2531C09951E00E6B081 /* SmartAddViewController.m */; };
		E6FFF2571C09952D00E6B081 /* SmartAddNavigationController.m in Sources */ = {isa = PBXBuildFile; fileRef = E6FFF2561C09952D00E6B081 /* SmartAddNavigationController.m */; };
		E6FFF25E1C09953D00E6B081 /* AleatNavigationController.m in Sources */ = {isa = PBXBuildFile; fileRef = E6FFF2591C09953D00E6B081 /* AleatNavigationController.m */; };
		E6FFF25F1C09953D00E6B081 /* AlertTableView.m in Sources */ = {isa = PBXBuildFile; fileRef = E6FFF25B1C09953D00E6B081 /* AlertTableView.m */; };
		E6FFF2601C09953D00E6B081 /* AlertViewController.m in Sources */ = {isa = PBXBuildFile; fileRef = E6FFF25D1C09953D00E6B081 /* AlertViewController.m */; };
		E6FFF2631C0995DD00E6B081 /* SegmentButtonView.m in Sources */ = {isa = PBXBuildFile; fileRef = E6FFF2621C0995DD00E6B081 /* SegmentButtonView.m */; };
/* End PBXBuildFile section */

/* Begin PBXContainerItemProxy section */
		E679D4DA1C157AB500525004 /* PBXContainerItemProxy */ = {
			isa = PBXContainerItemProxy;
			containerPortal = E68F72621C02E88F007B3A3C /* Project object */;
			proxyType = 1;
			remoteGlobalIDString = E68F72691C02E88F007B3A3C;
			remoteInfo = Sortime;
		};
		E679D4E81C157ABF00525004 /* PBXContainerItemProxy */ = {
			isa = PBXContainerItemProxy;
			containerPortal = E68F72621C02E88F007B3A3C /* Project object */;
			proxyType = 1;
			remoteGlobalIDString = E68F72691C02E88F007B3A3C;
			remoteInfo = Sortime;
		};
/* End PBXContainerItemProxy section */

/* Begin PBXFileReference section */
		3AB958006BE5D24805E854EC /* Pods.release.xcconfig */ = {isa = PBXFileReference; includeInIndex = 1; lastKnownFileType = text.xcconfig; name = Pods.release.xcconfig; path = "Pods/Target Support Files/Pods/Pods.release.xcconfig"; sourceTree = "<group>"; };
		58808A527449354C547923BD /* Pods.debug.xcconfig */ = {isa = PBXFileReference; includeInIndex = 1; lastKnownFileType = text.xcconfig; name = Pods.debug.xcconfig; path = "Pods/Target Support Files/Pods/Pods.debug.xcconfig"; sourceTree = "<group>"; };
		DC086D82EFC11EA66590DAEE /* libPods.a */ = {isa = PBXFileReference; explicitFileType = archive.ar; includeInIndex = 0; path = libPods.a; sourceTree = BUILT_PRODUCTS_DIR; };
		E60223B71C12E13D0049BECE /* CCF_Extension.h */ = {isa = PBXFileReference; fileEncoding = 4; lastKnownFileType = sourcecode.c.h; path = CCF_Extension.h; sourceTree = "<group>"; };
		E60223B81C12E13D0049BECE /* NSDate+CalciferExtension.h */ = {isa = PBXFileReference; fileEncoding = 4; lastKnownFileType = sourcecode.c.h; path = "NSDate+CalciferExtension.h"; sourceTree = "<group>"; };
		E60223B91C12E13D0049BECE /* NSDate+CalciferExtension.m */ = {isa = PBXFileReference; fileEncoding = 4; lastKnownFileType = sourcecode.c.objc; path = "NSDate+CalciferExtension.m"; sourceTree = "<group>"; };
		E60223BA1C12E13D0049BECE /* UIBarButtonItem+Extension.h */ = {isa = PBXFileReference; fileEncoding = 4; lastKnownFileType = sourcecode.c.h; path = "UIBarButtonItem+Extension.h"; sourceTree = "<group>"; };
		E60223BB1C12E13D0049BECE /* UIBarButtonItem+Extension.m */ = {isa = PBXFileReference; fileEncoding = 4; lastKnownFileType = sourcecode.c.objc; path = "UIBarButtonItem+Extension.m"; sourceTree = "<group>"; };
		E60223BC1C12E13D0049BECE /* UIImage+Extension.h */ = {isa = PBXFileReference; fileEncoding = 4; lastKnownFileType = sourcecode.c.h; path = "UIImage+Extension.h"; sourceTree = "<group>"; };
		E60223BD1C12E13D0049BECE /* UIImage+Extension.m */ = {isa = PBXFileReference; fileEncoding = 4; lastKnownFileType = sourcecode.c.objc; path = "UIImage+Extension.m"; sourceTree = "<group>"; };
		E60223BE1C12E13D0049BECE /* UIView+Extension.h */ = {isa = PBXFileReference; fileEncoding = 4; lastKnownFileType = sourcecode.c.h; path = "UIView+Extension.h"; sourceTree = "<group>"; };
		E60223BF1C12E13D0049BECE /* UIView+Extension.m */ = {isa = PBXFileReference; fileEncoding = 4; lastKnownFileType = sourcecode.c.objc; path = "UIView+Extension.m"; sourceTree = "<group>"; };
		E60223CC1C13025E0049BECE /* Singleton.h */ = {isa = PBXFileReference; fileEncoding = 4; lastKnownFileType = sourcecode.c.h; path = Singleton.h; sourceTree = "<group>"; };
		E612B9DC1C1BFCF80089BA3C /* CoreLocation.framework */ = {isa = PBXFileReference; lastKnownFileType = wrapper.framework; name = CoreLocation.framework; path = System/Library/Frameworks/CoreLocation.framework; sourceTree = SDKROOT; };
		E612B9DE1C1C03890089BA3C /* NSArray+Extension.h */ = {isa = PBXFileReference; fileEncoding = 4; lastKnownFileType = sourcecode.c.h; path = "NSArray+Extension.h"; sourceTree = "<group>"; };
		E612B9DF1C1C03890089BA3C /* NSArray+Extension.m */ = {isa = PBXFileReference; fileEncoding = 4; lastKnownFileType = sourcecode.c.objc; path = "NSArray+Extension.m"; sourceTree = "<group>"; };
		E612B9E01C1C03890089BA3C /* NSDictionary+Extension.h */ = {isa = PBXFileReference; fileEncoding = 4; lastKnownFileType = sourcecode.c.h; path = "NSDictionary+Extension.h"; sourceTree = "<group>"; };
		E612B9E11C1C03890089BA3C /* NSDictionary+Extension.m */ = {isa = PBXFileReference; fileEncoding = 4; lastKnownFileType = sourcecode.c.objc; path = "NSDictionary+Extension.m"; sourceTree = "<group>"; };
		E612B9E51C1C0AB80089BA3C /* WeatherModel.h */ = {isa = PBXFileReference; fileEncoding = 4; lastKnownFileType = sourcecode.c.h; name = WeatherModel.h; path = WeatherModel/WeatherModel.h; sourceTree = "<group>"; };
		E612B9E61C1C0AB80089BA3C /* WeatherModel.m */ = {isa = PBXFileReference; fileEncoding = 4; lastKnownFileType = sourcecode.c.objc; name = WeatherModel.m; path = WeatherModel/WeatherModel.m; sourceTree = "<group>"; };
		E64165161C1C1670003E4587 /* NSArray+NTLJSONKeyPath.h */ = {isa = PBXFileReference; fileEncoding = 4; lastKnownFileType = sourcecode.c.h; name = "NSArray+NTLJSONKeyPath.h"; path = "WeatherModel/NSArray+NTLJSONKeyPath.h"; sourceTree = "<group>"; };
		E64165171C1C1670003E4587 /* NSArray+NTLJSONKeyPath.m */ = {isa = PBXFileReference; fileEncoding = 4; lastKnownFileType = sourcecode.c.objc; name = "NSArray+NTLJSONKeyPath.m"; path = "WeatherModel/NSArray+NTLJSONKeyPath.m"; sourceTree = "<group>"; };
		E65F42541C0B47F4004EFB00 /* CalendarSwitchView.h */ = {isa = PBXFileReference; fileEncoding = 4; lastKnownFileType = sourcecode.c.h; path = CalendarSwitchView.h; sourceTree = "<group>"; };
		E65F42551C0B47F4004EFB00 /* CalendarSwitchView.m */ = {isa = PBXFileReference; fileEncoding = 4; lastKnownFileType = sourcecode.c.objc; path = CalendarSwitchView.m; sourceTree = "<group>"; };
		E65F42571C0B4821004EFB00 /* CalendarSwitchViewController.h */ = {isa = PBXFileReference; fileEncoding = 4; lastKnownFileType = sourcecode.c.h; path = CalendarSwitchViewController.h; sourceTree = "<group>"; };
		E65F42581C0B4821004EFB00 /* CalendarSwitchViewController.m */ = {isa = PBXFileReference; fileEncoding = 4; lastKnownFileType = sourcecode.c.objc; path = CalendarSwitchViewController.m; sourceTree = "<group>"; };
		E67774401C0C1BBF00FA598F /* CalendarTitleView.h */ = {isa = PBXFileReference; fileEncoding = 4; lastKnownFileType = sourcecode.c.h; path = CalendarTitleView.h; sourceTree = "<group>"; };
		E67774411C0C1BBF00FA598F /* CalendarTitleView.m */ = {isa = PBXFileReference; fileEncoding = 4; lastKnownFileType = sourcecode.c.objc; path = CalendarTitleView.m; sourceTree = "<group>"; };
		E679D4D51C157AB500525004 /* SortimeUITests.xctest */ = {isa = PBXFileReference; explicitFileType = wrapper.cfbundle; includeInIndex = 0; path = SortimeUITests.xctest; sourceTree = BUILT_PRODUCTS_DIR; };
		E679D4D71C157AB500525004 /* SortimeUITests.m */ = {isa = PBXFileReference; lastKnownFileType = sourcecode.c.objc; path = SortimeUITests.m; sourceTree = "<group>"; };
		E679D4D91C157AB500525004 /* Info.plist */ = {isa = PBXFileReference; lastKnownFileType = text.plist.xml; path = Info.plist; sourceTree = "<group>"; };
		E679D4E31C157ABF00525004 /* SortimeTests.xctest */ = {isa = PBXFileReference; explicitFileType = wrapper.cfbundle; includeInIndex = 0; path = SortimeTests.xctest; sourceTree = BUILT_PRODUCTS_DIR; };
		E679D4E51C157ABF00525004 /* SortimeTests.m */ = {isa = PBXFileReference; lastKnownFileType = sourcecode.c.objc; path = SortimeTests.m; sourceTree = "<group>"; };
		E679D4E71C157ABF00525004 /* Info.plist */ = {isa = PBXFileReference; lastKnownFileType = text.plist.xml; path = Info.plist; sourceTree = "<group>"; };
		E6833A991C05CD17000020E0 /* CalendarListPageWeatherView.h */ = {isa = PBXFileReference; fileEncoding = 4; lastKnownFileType = sourcecode.c.h; path = CalendarListPageWeatherView.h; sourceTree = "<group>"; };
		E6833A9A1C05CD17000020E0 /* CalendarListPageWeatherView.m */ = {isa = PBXFileReference; fileEncoding = 4; lastKnownFileType = sourcecode.c.objc; path = CalendarListPageWeatherView.m; sourceTree = "<group>"; };
		E6833A9C1C05CE1C000020E0 /* CalendarListPageWeatherModel.h */ = {isa = PBXFileReference; fileEncoding = 4; lastKnownFileType = sourcecode.c.h; path = CalendarListPageWeatherModel.h; sourceTree = "<group>"; };
		E6833A9D1C05CE1C000020E0 /* CalendarListPageWeatherModel.m */ = {isa = PBXFileReference; fileEncoding = 4; lastKnownFileType = sourcecode.c.objc; path = CalendarListPageWeatherModel.m; sourceTree = "<group>"; };
		E6833A9F1C05E164000020E0 /* CalendarListPageNoticeView.h */ = {isa = PBXFileReference; fileEncoding = 4; lastKnownFileType = sourcecode.c.h; path = CalendarListPageNoticeView.h; sourceTree = "<group>"; };
		E6833AA01C05E164000020E0 /* CalendarListPageNoticeView.m */ = {isa = PBXFileReference; fileEncoding = 4; lastKnownFileType = sourcecode.c.objc; path = CalendarListPageNoticeView.m; sourceTree = "<group>"; };
		E6833AAE1C062927000020E0 /* SmartAddTitleView.h */ = {isa = PBXFileReference; fileEncoding = 4; lastKnownFileType = sourcecode.c.h; name = SmartAddTitleView.h; path = Sortime/SmartAdd/SmartAddTitleView.h; sourceTree = SOURCE_ROOT; };
		E6833AAF1C062927000020E0 /* SmartAddTitleView.m */ = {isa = PBXFileReference; fileEncoding = 4; lastKnownFileType = sourcecode.c.objc; name = SmartAddTitleView.m; path = Sortime/SmartAdd/SmartAddTitleView.m; sourceTree = SOURCE_ROOT; };
		E6833AB11C06293D000020E0 /* SmartAddTypeView.h */ = {isa = PBXFileReference; fileEncoding = 4; lastKnownFileType = sourcecode.c.h; name = SmartAddTypeView.h; path = Sortime/SmartAdd/SmartAddTypeView.h; sourceTree = SOURCE_ROOT; };
		E6833AB21C06293D000020E0 /* SmartAddTypeView.m */ = {isa = PBXFileReference; fileEncoding = 4; lastKnownFileType = sourcecode.c.objc; name = SmartAddTypeView.m; path = Sortime/SmartAdd/SmartAddTypeView.m; sourceTree = SOURCE_ROOT; };
		E68E9F381C1C60B600797674 /* NSString+ChineseCalendar.h */ = {isa = PBXFileReference; fileEncoding = 4; lastKnownFileType = sourcecode.c.h; path = "NSString+ChineseCalendar.h"; sourceTree = "<group>"; };
		E68E9F391C1C60B600797674 /* NSString+ChineseCalendar.m */ = {isa = PBXFileReference; fileEncoding = 4; lastKnownFileType = sourcecode.c.objc; path = "NSString+ChineseCalendar.m"; sourceTree = "<group>"; };
		E68E9F3D1C1D45DE00797674 /* SettingCell.h */ = {isa = PBXFileReference; fileEncoding = 4; lastKnownFileType = sourcecode.c.h; name = SettingCell.h; path = Setting/SettingCell.h; sourceTree = "<group>"; };
		E68E9F3E1C1D45DE00797674 /* SettingCell.m */ = {isa = PBXFileReference; fileEncoding = 4; lastKnownFileType = sourcecode.c.objc; name = SettingCell.m; path = Setting/SettingCell.m; sourceTree = "<group>"; };
		E68E9F401C1D45F900797674 /* SettingNavigationController.h */ = {isa = PBXFileReference; fileEncoding = 4; lastKnownFileType = sourcecode.c.h; name = SettingNavigationController.h; path = Setting/SettingNavigationController.h; sourceTree = "<group>"; };
		E68E9F411C1D45F900797674 /* SettingNavigationController.m */ = {isa = PBXFileReference; fileEncoding = 4; lastKnownFileType = sourcecode.c.objc; name = SettingNavigationController.m; path = Setting/SettingNavigationController.m; sourceTree = "<group>"; };
		E68E9F421C1D45F900797674 /* SettingViewController.h */ = {isa = PBXFileReference; fileEncoding = 4; lastKnownFileType = sourcecode.c.h; name = SettingViewController.h; path = Setting/SettingViewController.h; sourceTree = "<group>"; };
		E68E9F431C1D45F900797674 /* SettingViewController.m */ = {isa = PBXFileReference; fileEncoding = 4; lastKnownFileType = sourcecode.c.objc; name = SettingViewController.m; path = Setting/SettingViewController.m; sourceTree = "<group>"; };
		E68EA0781C1D4D3800797674 /* SettingModel.h */ = {isa = PBXFileReference; fileEncoding = 4; lastKnownFileType = sourcecode.c.h; name = SettingModel.h; path = Setting/SettingModel.h; sourceTree = "<group>"; };
		E68EA0791C1D4D3800797674 /* SettingModel.m */ = {isa = PBXFileReference; fileEncoding = 4; lastKnownFileType = sourcecode.c.objc; name = SettingModel.m; path = Setting/SettingModel.m; sourceTree = "<group>"; };
		E68EA07B1C1D4E4700797674 /* SettingGroup.h */ = {isa = PBXFileReference; fileEncoding = 4; lastKnownFileType = sourcecode.c.h; name = SettingGroup.h; path = Setting/SettingGroup.h; sourceTree = "<group>"; };
		E68EA07C1C1D4E4700797674 /* SettingGroup.m */ = {isa = PBXFileReference; fileEncoding = 4; lastKnownFileType = sourcecode.c.objc; name = SettingGroup.m; path = Setting/SettingGroup.m; sourceTree = "<group>"; };
		E68EA07D1C1D4E4700797674 /* SettingLabelModel.h */ = {isa = PBXFileReference; fileEncoding = 4; lastKnownFileType = sourcecode.c.h; name = SettingLabelModel.h; path = Setting/SettingLabelModel.h; sourceTree = "<group>"; };
		E68EA07E1C1D4E4700797674 /* SettingLabelModel.m */ = {isa = PBXFileReference; fileEncoding = 4; lastKnownFileType = sourcecode.c.objc; name = SettingLabelModel.m; path = Setting/SettingLabelModel.m; sourceTree = "<group>"; };
		E68EA0811C1D4E8500797674 /* SettingArrowModel.h */ = {isa = PBXFileReference; fileEncoding = 4; lastKnownFileType = sourcecode.c.h; name = SettingArrowModel.h; path = Setting/SettingArrowModel.h; sourceTree = "<group>"; };
		E68EA0821C1D4E8500797674 /* SettingArrowModel.m */ = {isa = PBXFileReference; fileEncoding = 4; lastKnownFileType = sourcecode.c.objc; name = SettingArrowModel.m; path = Setting/SettingArrowModel.m; sourceTree = "<group>"; };
		E68EA0841C1D4EA900797674 /* SettingSwitchModel.h */ = {isa = PBXFileReference; fileEncoding = 4; lastKnownFileType = sourcecode.c.h; name = SettingSwitchModel.h; path = Setting/SettingSwitchModel.h; sourceTree = "<group>"; };
		E68EA0851C1D4EA900797674 /* SettingSwitchModel.m */ = {isa = PBXFileReference; fileEncoding = 4; lastKnownFileType = sourcecode.c.objc; name = SettingSwitchModel.m; path = Setting/SettingSwitchModel.m; sourceTree = "<group>"; };
		E68EA0871C1D4F1F00797674 /* BaseTableViewController.h */ = {isa = PBXFileReference; fileEncoding = 4; lastKnownFileType = sourcecode.c.h; name = BaseTableViewController.h; path = Setting/BaseTableViewController.h; sourceTree = "<group>"; };
		E68EA0881C1D4F1F00797674 /* BaseTableViewController.m */ = {isa = PBXFileReference; fileEncoding = 4; lastKnownFileType = sourcecode.c.objc; name = BaseTableViewController.m; path = Setting/BaseTableViewController.m; sourceTree = "<group>"; };
		E68EA08A1C1D504F00797674 /* SaveTool.h */ = {isa = PBXFileReference; fileEncoding = 4; lastKnownFileType = sourcecode.c.h; name = SaveTool.h; path = Setting/SaveTool.h; sourceTree = "<group>"; };
		E68EA08B1C1D504F00797674 /* SaveTool.m */ = {isa = PBXFileReference; fileEncoding = 4; lastKnownFileType = sourcecode.c.objc; name = SaveTool.m; path = Setting/SaveTool.m; sourceTree = "<group>"; };
		E68F726A1C02E88F007B3A3C /* Sortime.app */ = {isa = PBXFileReference; explicitFileType = wrapper.application; includeInIndex = 0; path = Sortime.app; sourceTree = BUILT_PRODUCTS_DIR; };
		E68F72771C02E88F007B3A3C /* Base */ = {isa = PBXFileReference; lastKnownFileType = file.storyboard; name = Base; path = Base.lproj/Main.storyboard; sourceTree = "<group>"; };
		E68F72791C02E88F007B3A3C /* Assets.xcassets */ = {isa = PBXFileReference; lastKnownFileType = folder.assetcatalog; path = Assets.xcassets; sourceTree = "<group>"; };
		E68F727C1C02E88F007B3A3C /* Base */ = {isa = PBXFileReference; lastKnownFileType = file.storyboard; name = Base; path = Base.lproj/LaunchScreen.storyboard; sourceTree = "<group>"; };
		E68F72861C0317A5007B3A3C /* CalendarNavigationController.h */ = {isa = PBXFileReference; fileEncoding = 4; lastKnownFileType = sourcecode.c.h; path = CalendarNavigationController.h; sourceTree = "<group>"; };
		E68F72871C0317A5007B3A3C /* CalendarNavigationController.m */ = {isa = PBXFileReference; fileEncoding = 4; lastKnownFileType = sourcecode.c.objc; path = CalendarNavigationController.m; sourceTree = "<group>"; };
		E68F728C1C031818007B3A3C /* CalendarViewController.h */ = {isa = PBXFileReference; fileEncoding = 4; lastKnownFileType = sourcecode.c.h; path = CalendarViewController.h; sourceTree = "<group>"; };
		E68F728D1C031818007B3A3C /* CalendarViewController.m */ = {isa = PBXFileReference; fileEncoding = 4; lastKnownFileType = sourcecode.c.objc; path = CalendarViewController.m; sourceTree = "<group>"; };
		E68F72951C0318B4007B3A3C /* CalendarMonthView.h */ = {isa = PBXFileReference; fileEncoding = 4; lastKnownFileType = sourcecode.c.h; path = CalendarMonthView.h; sourceTree = "<group>"; };
		E68F72961C0318B4007B3A3C /* CalendarMonthView.m */ = {isa = PBXFileReference; fileEncoding = 4; lastKnownFileType = sourcecode.c.objc; path = CalendarMonthView.m; sourceTree = "<group>"; };
		E68F72981C0318BF007B3A3C /* CalendarListView.h */ = {isa = PBXFileReference; fileEncoding = 4; lastKnownFileType = sourcecode.c.h; path = CalendarListView.h; sourceTree = "<group>"; };
		E68F72991C0318BF007B3A3C /* CalendarListView.m */ = {isa = PBXFileReference; fileEncoding = 4; lastKnownFileType = sourcecode.c.objc; path = CalendarListView.m; sourceTree = "<group>"; };
		E68F729B1C0318CC007B3A3C /* CalendarWeekView.h */ = {isa = PBXFileReference; fileEncoding = 4; lastKnownFileType = sourcecode.c.h; path = CalendarWeekView.h; sourceTree = "<group>"; };
		E68F729C1C0318CC007B3A3C /* CalendarWeekView.m */ = {isa = PBXFileReference; fileEncoding = 4; lastKnownFileType = sourcecode.c.objc; path = CalendarWeekView.m; sourceTree = "<group>"; };
		E68F729E1C0318DC007B3A3C /* CalendarDayView.h */ = {isa = PBXFileReference; fileEncoding = 4; lastKnownFileType = sourcecode.c.h; path = CalendarDayView.h; sourceTree = "<group>"; };
		E68F729F1C0318DC007B3A3C /* CalendarDayView.m */ = {isa = PBXFileReference; fileEncoding = 4; lastKnownFileType = sourcecode.c.objc; path = CalendarDayView.m; sourceTree = "<group>"; };
		E68F72A11C0318E4007B3A3C /* CalendarCoverView.h */ = {isa = PBXFileReference; fileEncoding = 4; lastKnownFileType = sourcecode.c.h; path = CalendarCoverView.h; sourceTree = "<group>"; };
		E68F72A21C0318E4007B3A3C /* CalendarCoverView.m */ = {isa = PBXFileReference; fileEncoding = 4; lastKnownFileType = sourcecode.c.objc; path = CalendarCoverView.m; sourceTree = "<group>"; };
		E68F72A71C032169007B3A3C /* CalendarView.h */ = {isa = PBXFileReference; fileEncoding = 4; lastKnownFileType = sourcecode.c.h; path = CalendarView.h; sourceTree = "<group>"; };
		E68F72A81C032169007B3A3C /* CalendarView.m */ = {isa = PBXFileReference; fileEncoding = 4; lastKnownFileType = sourcecode.c.objc; path = CalendarView.m; sourceTree = "<group>"; };
		E69815B91C0B258B00DDBA96 /* AddFriendViewController.h */ = {isa = PBXFileReference; fileEncoding = 4; lastKnownFileType = sourcecode.c.h; name = AddFriendViewController.h; path = Sortime/Alert/AddFriendViewController.h; sourceTree = SOURCE_ROOT; };
		E69815BA1C0B258B00DDBA96 /* AddFriendViewController.m */ = {isa = PBXFileReference; fileEncoding = 4; lastKnownFileType = sourcecode.c.objc; name = AddFriendViewController.m; path = Sortime/Alert/AddFriendViewController.m; sourceTree = SOURCE_ROOT; };
		E69815BC1C0B25F300DDBA96 /* AddFriendSearchView.h */ = {isa = PBXFileReference; fileEncoding = 4; lastKnownFileType = sourcecode.c.h; name = AddFriendSearchView.h; path = Sortime/Alert/AddFriendSearchView.h; sourceTree = SOURCE_ROOT; };
		E69815BD1C0B25F300DDBA96 /* AddFriendSearchView.m */ = {isa = PBXFileReference; fileEncoding = 4; lastKnownFileType = sourcecode.c.objc; name = AddFriendSearchView.m; path = Sortime/Alert/AddFriendSearchView.m; sourceTree = SOURCE_ROOT; };
		E69815BF1C0B261C00DDBA96 /* AddFriendTableView.h */ = {isa = PBXFileReference; fileEncoding = 4; lastKnownFileType = sourcecode.c.h; name = AddFriendTableView.h; path = Sortime/Alert/AddFriendTableView.h; sourceTree = SOURCE_ROOT; };
		E69815C01C0B261C00DDBA96 /* AddFriendTableView.m */ = {isa = PBXFileReference; fileEncoding = 4; lastKnownFileType = sourcecode.c.objc; name = AddFriendTableView.m; path = Sortime/Alert/AddFriendTableView.m; sourceTree = SOURCE_ROOT; };
		E69815C21C0B2B5A00DDBA96 /* TwoDimentionCodeViewController.h */ = {isa = PBXFileReference; fileEncoding = 4; lastKnownFileType = sourcecode.c.h; name = TwoDimentionCodeViewController.h; path = Sortime/Alert/TwoDimentionCodeViewController.h; sourceTree = SOURCE_ROOT; };
		E69815C31C0B2B5A00DDBA96 /* TwoDimentionCodeViewController.m */ = {isa = PBXFileReference; fileEncoding = 4; lastKnownFileType = sourcecode.c.objc; name = TwoDimentionCodeViewController.m; path = Sortime/Alert/TwoDimentionCodeViewController.m; sourceTree = SOURCE_ROOT; };
		E6A29FA71C0EE3F2006E5143 /* CalendarListPageViewController.h */ = {isa = PBXFileReference; fileEncoding = 4; lastKnownFileType = sourcecode.c.h; path = CalendarListPageViewController.h; sourceTree = "<group>"; };
		E6A29FA81C0EE3F2006E5143 /* CalendarListPageViewController.m */ = {isa = PBXFileReference; fileEncoding = 4; lastKnownFileType = sourcecode.c.objc; path = CalendarListPageViewController.m; sourceTree = "<group>"; };
		E6BABE461C04CDD3005C9409 /* CalendarListPageView.h */ = {isa = PBXFileReference; fileEncoding = 4; lastKnownFileType = sourcecode.c.h; path = CalendarListPageView.h; sourceTree = "<group>"; };
		E6BABE471C04CDD3005C9409 /* CalendarListPageView.m */ = {isa = PBXFileReference; fileEncoding = 4; lastKnownFileType = sourcecode.c.objc; path = CalendarListPageView.m; sourceTree = "<group>"; };
		E6D738951C04C3EF0032F083 /* libReveal.dylib */ = {isa = PBXFileReference; lastKnownFileType = "compiled.mach-o.dylib"; name = libReveal.dylib; path = Pods/libReveal.dylib; sourceTree = "<group>"; };
		E6D738981C04C4570032F083 /* Reveal.framework */ = {isa = PBXFileReference; lastKnownFileType = wrapper.framework; path = Reveal.framework; sourceTree = "<group>"; };
		E6E3D53D1C11BA0900EE012C /* AppDelegate.h */ = {isa = PBXFileReference; fileEncoding = 4; lastKnownFileType = sourcecode.c.h; name = AppDelegate.h; path = Others/AppDelegate.h; sourceTree = "<group>"; };
		E6E3D53E1C11BA0900EE012C /* AppDelegate.m */ = {isa = PBXFileReference; fileEncoding = 4; lastKnownFileType = sourcecode.c.objc; name = AppDelegate.m; path = Others/AppDelegate.m; sourceTree = "<group>"; };
		E6E3D53F1C11BA0900EE012C /* BaseViewController.h */ = {isa = PBXFileReference; fileEncoding = 4; lastKnownFileType = sourcecode.c.h; name = BaseViewController.h; path = Others/BaseViewController.h; sourceTree = "<group>"; };
		E6E3D5401C11BA0900EE012C /* BaseViewController.m */ = {isa = PBXFileReference; fileEncoding = 4; lastKnownFileType = sourcecode.c.objc; name = BaseViewController.m; path = Others/BaseViewController.m; sourceTree = "<group>"; };
		E6E3D5411C11BA0900EE012C /* Info.plist */ = {isa = PBXFileReference; fileEncoding = 4; lastKnownFileType = text.plist.xml; name = Info.plist; path = Others/Info.plist; sourceTree = "<group>"; };
		E6E3D5421C11BA0900EE012C /* main.m */ = {isa = PBXFileReference; fileEncoding = 4; lastKnownFileType = sourcecode.c.objc; name = main.m; path = Others/main.m; sourceTree = "<group>"; };
		E6E3D5431C11BA0900EE012C /* MainTabBar.h */ = {isa = PBXFileReference; fileEncoding = 4; lastKnownFileType = sourcecode.c.h; name = MainTabBar.h; path = Others/MainTabBar.h; sourceTree = "<group>"; };
		E6E3D5441C11BA0900EE012C /* MainTabBar.m */ = {isa = PBXFileReference; fileEncoding = 4; lastKnownFileType = sourcecode.c.objc; name = MainTabBar.m; path = Others/MainTabBar.m; sourceTree = "<group>"; };
		E6E3D5451C11BA0900EE012C /* MainTabBarController.h */ = {isa = PBXFileReference; fileEncoding = 4; lastKnownFileType = sourcecode.c.h; name = MainTabBarController.h; path = Others/MainTabBarController.h; sourceTree = "<group>"; };
		E6E3D5461C11BA0900EE012C /* MainTabBarController.m */ = {isa = PBXFileReference; fileEncoding = 4; lastKnownFileType = sourcecode.c.objc; name = MainTabBarController.m; path = Others/MainTabBarController.m; sourceTree = "<group>"; };
		E6E3D54B1C11BA0900EE012C /* Sortime.pch */ = {isa = PBXFileReference; fileEncoding = 4; lastKnownFileType = sourcecode.c.h; name = Sortime.pch; path = Others/Sortime.pch; sourceTree = "<group>"; };
		E6E3D54C1C11BA0900EE012C /* ViewController.h */ = {isa = PBXFileReference; fileEncoding = 4; lastKnownFileType = sourcecode.c.h; name = ViewController.h; path = Others/ViewController.h; sourceTree = "<group>"; };
		E6E3D54D1C11BA0900EE012C /* ViewController.m */ = {isa = PBXFileReference; fileEncoding = 4; lastKnownFileType = sourcecode.c.objc; name = ViewController.m; path = Others/ViewController.m; sourceTree = "<group>"; };
		E6E3D5591C11CB6C00EE012C /* DataBaseManager.h */ = {isa = PBXFileReference; fileEncoding = 4; lastKnownFileType = sourcecode.c.h; name = DataBaseManager.h; path = Sortime/DBTool/DataBaseManager.h; sourceTree = SOURCE_ROOT; };
		E6E3D55A1C11CB6C00EE012C /* DataBaseManager.m */ = {isa = PBXFileReference; fileEncoding = 4; lastKnownFileType = sourcecode.c.objc; name = DataBaseManager.m; path = Sortime/DBTool/DataBaseManager.m; sourceTree = SOURCE_ROOT; };
		E6E3D55C1C11CB8B00EE012C /* NetworkTool.h */ = {isa = PBXFileReference; fileEncoding = 4; lastKnownFileType = sourcecode.c.h; name = NetworkTool.h; path = NetworkTool/NetworkTool.h; sourceTree = "<group>"; };
		E6E3D55D1C11CB8B00EE012C /* NetworkTool.m */ = {isa = PBXFileReference; fileEncoding = 4; lastKnownFileType = sourcecode.c.objc; name = NetworkTool.m; path = NetworkTool/NetworkTool.m; sourceTree = "<group>"; };
		E6FFF2461C08482E00E6B081 /* CalendarListPageTableView.h */ = {isa = PBXFileReference; fileEncoding = 4; lastKnownFileType = sourcecode.c.h; path = CalendarListPageTableView.h; sourceTree = "<group>"; };
		E6FFF2471C08482E00E6B081 /* CalendarListPageTableView.m */ = {isa = PBXFileReference; fileEncoding = 4; lastKnownFileType = sourcecode.c.objc; path = CalendarListPageTableView.m; sourceTree = "<group>"; };
		E6FFF24C1C09817100E6B081 /* CalendarListPageTableViewCell.h */ = {isa = PBXFileReference; fileEncoding = 4; lastKnownFileType = sourcecode.c.h; path = CalendarListPageTableViewCell.h; sourceTree = "<group>"; };
		E6FFF24D1C09817100E6B081 /* CalendarListPageTableViewCell.m */ = {isa = PBXFileReference; fileEncoding = 4; lastKnownFileType = sourcecode.c.objc; path = CalendarListPageTableViewCell.m; sourceTree = "<group>"; };
		E6FFF2521C09951E00E6B081 /* SmartAddViewController.h */ = {isa = PBXFileReference; fileEncoding = 4; lastKnownFileType = sourcecode.c.h; name = SmartAddViewController.h; path = Sortime/SmartAdd/SmartAddViewController.h; sourceTree = SOURCE_ROOT; };
		E6FFF2531C09951E00E6B081 /* SmartAddViewController.m */ = {isa = PBXFileReference; fileEncoding = 4; lastKnownFileType = sourcecode.c.objc; name = SmartAddViewController.m; path = Sortime/SmartAdd/SmartAddViewController.m; sourceTree = SOURCE_ROOT; };
		E6FFF2551C09952D00E6B081 /* SmartAddNavigationController.h */ = {isa = PBXFileReference; fileEncoding = 4; lastKnownFileType = sourcecode.c.h; name = SmartAddNavigationController.h; path = Sortime/SmartAdd/SmartAddNavigationController.h; sourceTree = SOURCE_ROOT; };
		E6FFF2561C09952D00E6B081 /* SmartAddNavigationController.m */ = {isa = PBXFileReference; fileEncoding = 4; lastKnownFileType = sourcecode.c.objc; name = SmartAddNavigationController.m; path = Sortime/SmartAdd/SmartAddNavigationController.m; sourceTree = SOURCE_ROOT; };
		E6FFF2581C09953D00E6B081 /* AleatNavigationController.h */ = {isa = PBXFileReference; fileEncoding = 4; lastKnownFileType = sourcecode.c.h; name = AleatNavigationController.h; path = Sortime/Alert/AleatNavigationController.h; sourceTree = SOURCE_ROOT; };
		E6FFF2591C09953D00E6B081 /* AleatNavigationController.m */ = {isa = PBXFileReference; fileEncoding = 4; lastKnownFileType = sourcecode.c.objc; name = AleatNavigationController.m; path = Sortime/Alert/AleatNavigationController.m; sourceTree = SOURCE_ROOT; };
		E6FFF25A1C09953D00E6B081 /* AlertTableView.h */ = {isa = PBXFileReference; fileEncoding = 4; lastKnownFileType = sourcecode.c.h; name = AlertTableView.h; path = Sortime/Alert/AlertTableView.h; sourceTree = SOURCE_ROOT; };
		E6FFF25B1C09953D00E6B081 /* AlertTableView.m */ = {isa = PBXFileReference; fileEncoding = 4; lastKnownFileType = sourcecode.c.objc; name = AlertTableView.m; path = Sortime/Alert/AlertTableView.m; sourceTree = SOURCE_ROOT; };
		E6FFF25C1C09953D00E6B081 /* AlertViewController.h */ = {isa = PBXFileReference; fileEncoding = 4; lastKnownFileType = sourcecode.c.h; name = AlertViewController.h; path = Sortime/Alert/AlertViewController.h; sourceTree = SOURCE_ROOT; };
		E6FFF25D1C09953D00E6B081 /* AlertViewController.m */ = {isa = PBXFileReference; fileEncoding = 4; lastKnownFileType = sourcecode.c.objc; name = AlertViewController.m; path = Sortime/Alert/AlertViewController.m; sourceTree = SOURCE_ROOT; };
		E6FFF2611C0995DD00E6B081 /* SegmentButtonView.h */ = {isa = PBXFileReference; fileEncoding = 4; lastKnownFileType = sourcecode.c.h; name = SegmentButtonView.h; path = Sortime/Alert/SegmentButtonView.h; sourceTree = SOURCE_ROOT; };
		E6FFF2621C0995DD00E6B081 /* SegmentButtonView.m */ = {isa = PBXFileReference; fileEncoding = 4; lastKnownFileType = sourcecode.c.objc; name = SegmentButtonView.m; path = Sortime/Alert/SegmentButtonView.m; sourceTree = SOURCE_ROOT; };
/* End PBXFileReference section */

/* Begin PBXFrameworksBuildPhase section */
		E679D4D21C157AB500525004 /* Frameworks */ = {
			isa = PBXFrameworksBuildPhase;
			buildActionMask = 2147483647;
			files = (
			);
			runOnlyForDeploymentPostprocessing = 0;
		};
		E679D4E01C157ABF00525004 /* Frameworks */ = {
			isa = PBXFrameworksBuildPhase;
			buildActionMask = 2147483647;
			files = (
			);
			runOnlyForDeploymentPostprocessing = 0;
		};
		E68F72671C02E88F007B3A3C /* Frameworks */ = {
			isa = PBXFrameworksBuildPhase;
			buildActionMask = 2147483647;
			files = (
				E612B9DD1C1BFCF80089BA3C /* CoreLocation.framework in Frameworks */,
				DB9FD337A0B953AE7E490C38 /* libPods.a in Frameworks */,
			);
			runOnlyForDeploymentPostprocessing = 0;
		};
/* End PBXFrameworksBuildPhase section */

/* Begin PBXGroup section */
		1FC589C16C3E16018EE3CD08 /* Frameworks */ = {
			isa = PBXGroup;
			children = (
				E612B9DC1C1BFCF80089BA3C /* CoreLocation.framework */,
				E6D738981C04C4570032F083 /* Reveal.framework */,
				E6D738951C04C3EF0032F083 /* libReveal.dylib */,
				DC086D82EFC11EA66590DAEE /* libPods.a */,
			);
			name = Frameworks;
			sourceTree = "<group>";
		};
		E157F5E8FFC91DB3C3293E2D /* Pods */ = {
			isa = PBXGroup;
			children = (
				58808A527449354C547923BD /* Pods.debug.xcconfig */,
				3AB958006BE5D24805E854EC /* Pods.release.xcconfig */,
			);
			name = Pods;
			sourceTree = "<group>";
		};
		E60223B61C12E13D0049BECE /* Calcifer's Category */ = {
			isa = PBXGroup;
			children = (
				E60223B71C12E13D0049BECE /* CCF_Extension.h */,
				E60223CC1C13025E0049BECE /* Singleton.h */,
				E60223B81C12E13D0049BECE /* NSDate+CalciferExtension.h */,
				E60223B91C12E13D0049BECE /* NSDate+CalciferExtension.m */,
				E60223BA1C12E13D0049BECE /* UIBarButtonItem+Extension.h */,
				E60223BB1C12E13D0049BECE /* UIBarButtonItem+Extension.m */,
				E60223BC1C12E13D0049BECE /* UIImage+Extension.h */,
				E60223BD1C12E13D0049BECE /* UIImage+Extension.m */,
				E60223BE1C12E13D0049BECE /* UIView+Extension.h */,
				E60223BF1C12E13D0049BECE /* UIView+Extension.m */,
				E612B9DE1C1C03890089BA3C /* NSArray+Extension.h */,
				E612B9DF1C1C03890089BA3C /* NSArray+Extension.m */,
				E612B9E01C1C03890089BA3C /* NSDictionary+Extension.h */,
				E612B9E11C1C03890089BA3C /* NSDictionary+Extension.m */,
				E68E9F381C1C60B600797674 /* NSString+ChineseCalendar.h */,
				E68E9F391C1C60B600797674 /* NSString+ChineseCalendar.m */,
			);
			path = "Calcifer's Category";
			sourceTree = "<group>";
		};
		E612B9E41C1C0A800089BA3C /* WeatherModel */ = {
			isa = PBXGroup;
			children = (
				E612B9E51C1C0AB80089BA3C /* WeatherModel.h */,
				E612B9E61C1C0AB80089BA3C /* WeatherModel.m */,
				E64165161C1C1670003E4587 /* NSArray+NTLJSONKeyPath.h */,
				E64165171C1C1670003E4587 /* NSArray+NTLJSONKeyPath.m */,
			);
			name = WeatherModel;
			sourceTree = "<group>";
		};
		E679D4D61C157AB500525004 /* SortimeUITests */ = {
			isa = PBXGroup;
			children = (
				E679D4D71C157AB500525004 /* SortimeUITests.m */,
				E679D4D91C157AB500525004 /* Info.plist */,
			);
			path = SortimeUITests;
			sourceTree = "<group>";
		};
		E679D4E41C157ABF00525004 /* SortimeTests */ = {
			isa = PBXGroup;
			children = (
				E679D4E51C157ABF00525004 /* SortimeTests.m */,
				E679D4E71C157ABF00525004 /* Info.plist */,
			);
			path = SortimeTests;
			sourceTree = "<group>";
		};
		E6833AA71C061E67000020E0 /* SmartAdd */ = {
			isa = PBXGroup;
			children = (
				E6FFF2551C09952D00E6B081 /* SmartAddNavigationController.h */,
				E6FFF2561C09952D00E6B081 /* SmartAddNavigationController.m */,
				E6FFF2521C09951E00E6B081 /* SmartAddViewController.h */,
				E6FFF2531C09951E00E6B081 /* SmartAddViewController.m */,
				E6833AAE1C062927000020E0 /* SmartAddTitleView.h */,
				E6833AAF1C062927000020E0 /* SmartAddTitleView.m */,
				E6833AB11C06293D000020E0 /* SmartAddTypeView.h */,
				E6833AB21C06293D000020E0 /* SmartAddTypeView.m */,
			);
			name = SmartAdd;
			path = Notification;
			sourceTree = "<group>";
		};
		E68E9F3B1C1D427800797674 /* Setting */ = {
			isa = PBXGroup;
			children = (
				E68E9F401C1D45F900797674 /* SettingNavigationController.h */,
				E68E9F411C1D45F900797674 /* SettingNavigationController.m */,
				E68E9F421C1D45F900797674 /* SettingViewController.h */,
				E68E9F431C1D45F900797674 /* SettingViewController.m */,
				E68EA0871C1D4F1F00797674 /* BaseTableViewController.h */,
				E68EA0881C1D4F1F00797674 /* BaseTableViewController.m */,
				E68EA08A1C1D504F00797674 /* SaveTool.h */,
				E68EA08B1C1D504F00797674 /* SaveTool.m */,
				E68E9F3C1C1D45A100797674 /* SettingCell */,
			);
			name = Setting;
			sourceTree = "<group>";
		};
		E68E9F3C1C1D45A100797674 /* SettingCell */ = {
			isa = PBXGroup;
			children = (
				E68E9F3D1C1D45DE00797674 /* SettingCell.h */,
				E68E9F3E1C1D45DE00797674 /* SettingCell.m */,
				E68EA07B1C1D4E4700797674 /* SettingGroup.h */,
				E68EA07C1C1D4E4700797674 /* SettingGroup.m */,
				E68EA0781C1D4D3800797674 /* SettingModel.h */,
				E68EA0791C1D4D3800797674 /* SettingModel.m */,
				E68EA07D1C1D4E4700797674 /* SettingLabelModel.h */,
				E68EA07E1C1D4E4700797674 /* SettingLabelModel.m */,
				E68EA0811C1D4E8500797674 /* SettingArrowModel.h */,
				E68EA0821C1D4E8500797674 /* SettingArrowModel.m */,
				E68EA0841C1D4EA900797674 /* SettingSwitchModel.h */,
				E68EA0851C1D4EA900797674 /* SettingSwitchModel.m */,
			);
			name = SettingCell;
			sourceTree = "<group>";
		};
		E68F72611C02E88F007B3A3C = {
			isa = PBXGroup;
			children = (
				E68F726C1C02E88F007B3A3C /* Sortime */,
				E679D4D61C157AB500525004 /* SortimeUITests */,
				E679D4E41C157ABF00525004 /* SortimeTests */,
				E68F726B1C02E88F007B3A3C /* Products */,
				E157F5E8FFC91DB3C3293E2D /* Pods */,
				1FC589C16C3E16018EE3CD08 /* Frameworks */,
			);
			sourceTree = "<group>";
		};
		E68F726B1C02E88F007B3A3C /* Products */ = {
			isa = PBXGroup;
			children = (
				E68F726A1C02E88F007B3A3C /* Sortime.app */,
				E679D4D51C157AB500525004 /* SortimeUITests.xctest */,
				E679D4E31C157ABF00525004 /* SortimeTests.xctest */,
			);
			name = Products;
			sourceTree = "<group>";
		};
		E68F726C1C02E88F007B3A3C /* Sortime */ = {
			isa = PBXGroup;
			children = (
				E68E9F3B1C1D427800797674 /* Setting */,
				E612B9E41C1C0A800089BA3C /* WeatherModel */,
				E6E3D53C1C11B9FC00EE012C /* Others */,
				E6E3D5581C11CA9500EE012C /* NetworkTool */,
				E60223B61C12E13D0049BECE /* Calcifer's Category */,
				E6E3D5571C11CA7F00EE012C /* DBTool */,
				E68F72841C031767007B3A3C /* Calendar */,
				E6833AA71C061E67000020E0 /* SmartAdd */,
				E68F72851C031767007B3A3C /* Alert */,
				E68F726D1C02E88F007B3A3C /* Supporting Files */,
			);
			path = Sortime;
			sourceTree = "<group>";
		};
		E68F726D1C02E88F007B3A3C /* Supporting Files */ = {
			isa = PBXGroup;
			children = (
				E6E3D5411C11BA0900EE012C /* Info.plist */,
				E6E3D5421C11BA0900EE012C /* main.m */,
				E6E3D54B1C11BA0900EE012C /* Sortime.pch */,
				E68F72761C02E88F007B3A3C /* Main.storyboard */,
				E68F72791C02E88F007B3A3C /* Assets.xcassets */,
				E68F727B1C02E88F007B3A3C /* LaunchScreen.storyboard */,
			);
			name = "Supporting Files";
			sourceTree = "<group>";
		};
		E68F72841C031767007B3A3C /* Calendar */ = {
			isa = PBXGroup;
			children = (
				E68F72861C0317A5007B3A3C /* CalendarNavigationController.h */,
				E68F72871C0317A5007B3A3C /* CalendarNavigationController.m */,
				E68F728C1C031818007B3A3C /* CalendarViewController.h */,
				E68F728D1C031818007B3A3C /* CalendarViewController.m */,
				E68F72A71C032169007B3A3C /* CalendarView.h */,
				E68F72A81C032169007B3A3C /* CalendarView.m */,
				E68F72981C0318BF007B3A3C /* CalendarListView.h */,
				E68F72991C0318BF007B3A3C /* CalendarListView.m */,
				E6A29FA71C0EE3F2006E5143 /* CalendarListPageViewController.h */,
				E6A29FA81C0EE3F2006E5143 /* CalendarListPageViewController.m */,
				E6BABE461C04CDD3005C9409 /* CalendarListPageView.h */,
				E6BABE471C04CDD3005C9409 /* CalendarListPageView.m */,
				E6FFF2461C08482E00E6B081 /* CalendarListPageTableView.h */,
				E6FFF2471C08482E00E6B081 /* CalendarListPageTableView.m */,
				E6FFF24C1C09817100E6B081 /* CalendarListPageTableViewCell.h */,
				E6FFF24D1C09817100E6B081 /* CalendarListPageTableViewCell.m */,
				E6833A991C05CD17000020E0 /* CalendarListPageWeatherView.h */,
				E6833A9A1C05CD17000020E0 /* CalendarListPageWeatherView.m */,
				E6833A9C1C05CE1C000020E0 /* CalendarListPageWeatherModel.h */,
				E6833A9D1C05CE1C000020E0 /* CalendarListPageWeatherModel.m */,
				E6833A9F1C05E164000020E0 /* CalendarListPageNoticeView.h */,
				E6833AA01C05E164000020E0 /* CalendarListPageNoticeView.m */,
				E67774401C0C1BBF00FA598F /* CalendarTitleView.h */,
				E67774411C0C1BBF00FA598F /* CalendarTitleView.m */,
				E65F42571C0B4821004EFB00 /* CalendarSwitchViewController.h */,
				E65F42581C0B4821004EFB00 /* CalendarSwitchViewController.m */,
				E65F42541C0B47F4004EFB00 /* CalendarSwitchView.h */,
				E65F42551C0B47F4004EFB00 /* CalendarSwitchView.m */,
				E68F72951C0318B4007B3A3C /* CalendarMonthView.h */,
				E68F72961C0318B4007B3A3C /* CalendarMonthView.m */,
				E68F729B1C0318CC007B3A3C /* CalendarWeekView.h */,
				E68F729C1C0318CC007B3A3C /* CalendarWeekView.m */,
				E68F72A11C0318E4007B3A3C /* CalendarCoverView.h */,
				E68F72A21C0318E4007B3A3C /* CalendarCoverView.m */,
				E68F729E1C0318DC007B3A3C /* CalendarDayView.h */,
				E68F729F1C0318DC007B3A3C /* CalendarDayView.m */,
			);
			path = Calendar;
			sourceTree = "<group>";
		};
		E68F72851C031767007B3A3C /* Alert */ = {
			isa = PBXGroup;
			children = (
				E6FFF2581C09953D00E6B081 /* AleatNavigationController.h */,
				E6FFF2591C09953D00E6B081 /* AleatNavigationController.m */,
				E6FFF25C1C09953D00E6B081 /* AlertViewController.h */,
				E6FFF25D1C09953D00E6B081 /* AlertViewController.m */,
				E69815B91C0B258B00DDBA96 /* AddFriendViewController.h */,
				E69815BA1C0B258B00DDBA96 /* AddFriendViewController.m */,
				E69815BC1C0B25F300DDBA96 /* AddFriendSearchView.h */,
				E69815BD1C0B25F300DDBA96 /* AddFriendSearchView.m */,
				E69815BF1C0B261C00DDBA96 /* AddFriendTableView.h */,
				E69815C01C0B261C00DDBA96 /* AddFriendTableView.m */,
				E69815C21C0B2B5A00DDBA96 /* TwoDimentionCodeViewController.h */,
				E69815C31C0B2B5A00DDBA96 /* TwoDimentionCodeViewController.m */,
				E6FFF2611C0995DD00E6B081 /* SegmentButtonView.h */,
				E6FFF2621C0995DD00E6B081 /* SegmentButtonView.m */,
				E6FFF25A1C09953D00E6B081 /* AlertTableView.h */,
				E6FFF25B1C09953D00E6B081 /* AlertTableView.m */,
			);
			name = Alert;
			path = Notification;
			sourceTree = "<group>";
		};
		E6E3D53C1C11B9FC00EE012C /* Others */ = {
			isa = PBXGroup;
			children = (
				E6E3D53D1C11BA0900EE012C /* AppDelegate.h */,
				E6E3D53E1C11BA0900EE012C /* AppDelegate.m */,
				E6E3D53F1C11BA0900EE012C /* BaseViewController.h */,
				E6E3D5401C11BA0900EE012C /* BaseViewController.m */,
				E6E3D5431C11BA0900EE012C /* MainTabBar.h */,
				E6E3D5441C11BA0900EE012C /* MainTabBar.m */,
				E6E3D5451C11BA0900EE012C /* MainTabBarController.h */,
				E6E3D5461C11BA0900EE012C /* MainTabBarController.m */,
				E6E3D54C1C11BA0900EE012C /* ViewController.h */,
				E6E3D54D1C11BA0900EE012C /* ViewController.m */,
			);
			name = Others;
			sourceTree = "<group>";
		};
		E6E3D5571C11CA7F00EE012C /* DBTool */ = {
			isa = PBXGroup;
			children = (
				E6E3D5591C11CB6C00EE012C /* DataBaseManager.h */,
				E6E3D55A1C11CB6C00EE012C /* DataBaseManager.m */,
			);
			name = DBTool;
			path = Calendar;
			sourceTree = "<group>";
		};
		E6E3D5581C11CA9500EE012C /* NetworkTool */ = {
			isa = PBXGroup;
			children = (
				E6E3D55C1C11CB8B00EE012C /* NetworkTool.h */,
				E6E3D55D1C11CB8B00EE012C /* NetworkTool.m */,
			);
			name = NetworkTool;
			sourceTree = "<group>";
		};
/* End PBXGroup section */

/* Begin PBXNativeTarget section */
		E679D4D41C157AB500525004 /* SortimeUITests */ = {
			isa = PBXNativeTarget;
			buildConfigurationList = E679D4DE1C157AB500525004 /* Build configuration list for PBXNativeTarget "SortimeUITests" */;
			buildPhases = (
				E679D4D11C157AB500525004 /* Sources */,
				E679D4D21C157AB500525004 /* Frameworks */,
				E679D4D31C157AB500525004 /* Resources */,
			);
			buildRules = (
			);
			dependencies = (
				E679D4DB1C157AB500525004 /* PBXTargetDependency */,
			);
			name = SortimeUITests;
			productName = SortimeUITests;
			productReference = E679D4D51C157AB500525004 /* SortimeUITests.xctest */;
			productType = "com.apple.product-type.bundle.ui-testing";
		};
		E679D4E21C157ABF00525004 /* SortimeTests */ = {
			isa = PBXNativeTarget;
			buildConfigurationList = E679D4EA1C157ABF00525004 /* Build configuration list for PBXNativeTarget "SortimeTests" */;
			buildPhases = (
				E679D4DF1C157ABF00525004 /* Sources */,
				E679D4E01C157ABF00525004 /* Frameworks */,
				E679D4E11C157ABF00525004 /* Resources */,
			);
			buildRules = (
			);
			dependencies = (
				E679D4E91C157ABF00525004 /* PBXTargetDependency */,
			);
			name = SortimeTests;
			productName = SortimeTests;
			productReference = E679D4E31C157ABF00525004 /* SortimeTests.xctest */;
			productType = "com.apple.product-type.bundle.unit-test";
		};
		E68F72691C02E88F007B3A3C /* Sortime */ = {
			isa = PBXNativeTarget;
			buildConfigurationList = E68F72811C02E88F007B3A3C /* Build configuration list for PBXNativeTarget "Sortime" */;
			buildPhases = (
				790FD4BBA45C56CD624A3EA7 /* Check Pods Manifest.lock */,
				E68F72661C02E88F007B3A3C /* Sources */,
				E68F72671C02E88F007B3A3C /* Frameworks */,
				E68F72681C02E88F007B3A3C /* Resources */,
				90F6A3EB972B05A845490817 /* Embed Pods Frameworks */,
				E4F4D020C1B7156160328F36 /* Copy Pods Resources */,
			);
			buildRules = (
			);
			dependencies = (
			);
			name = Sortime;
			productName = Sortime;
			productReference = E68F726A1C02E88F007B3A3C /* Sortime.app */;
			productType = "com.apple.product-type.application";
		};
/* End PBXNativeTarget section */

/* Begin PBXProject section */
		E68F72621C02E88F007B3A3C /* Project object */ = {
			isa = PBXProject;
			attributes = {
				LastUpgradeCheck = 0710;
				ORGANIZATIONNAME = com.Carcifer;
				TargetAttributes = {
					E679D4D41C157AB500525004 = {
						CreatedOnToolsVersion = 7.1.1;
						DevelopmentTeam = 5CR43J9599;
						TestTargetID = E68F72691C02E88F007B3A3C;
					};
					E679D4E21C157ABF00525004 = {
						CreatedOnToolsVersion = 7.1.1;
						DevelopmentTeam = 5CR43J9599;
						TestTargetID = E68F72691C02E88F007B3A3C;
					};
					E68F72691C02E88F007B3A3C = {
						CreatedOnToolsVersion = 7.1.1;
						DevelopmentTeam = 5CR43J9599;
					};
				};
			};
			buildConfigurationList = E68F72651C02E88F007B3A3C /* Build configuration list for PBXProject "Sortime" */;
			compatibilityVersion = "Xcode 3.2";
			developmentRegion = English;
			hasScannedForEncodings = 0;
			knownRegions = (
				en,
				Base,
			);
			mainGroup = E68F72611C02E88F007B3A3C;
			productRefGroup = E68F726B1C02E88F007B3A3C /* Products */;
			projectDirPath = "";
			projectRoot = "";
			targets = (
				E68F72691C02E88F007B3A3C /* Sortime */,
				E679D4D41C157AB500525004 /* SortimeUITests */,
				E679D4E21C157ABF00525004 /* SortimeTests */,
			);
		};
/* End PBXProject section */

/* Begin PBXResourcesBuildPhase section */
		E679D4D31C157AB500525004 /* Resources */ = {
			isa = PBXResourcesBuildPhase;
			buildActionMask = 2147483647;
			files = (
			);
			runOnlyForDeploymentPostprocessing = 0;
		};
		E679D4E11C157ABF00525004 /* Resources */ = {
			isa = PBXResourcesBuildPhase;
			buildActionMask = 2147483647;
			files = (
			);
			runOnlyForDeploymentPostprocessing = 0;
		};
		E68F72681C02E88F007B3A3C /* Resources */ = {
			isa = PBXResourcesBuildPhase;
			buildActionMask = 2147483647;
			files = (
				E6E3D5501C11BA0900EE012C /* Info.plist in Resources */,
				E68F727D1C02E88F007B3A3C /* LaunchScreen.storyboard in Resources */,
				E68F727A1C02E88F007B3A3C /* Assets.xcassets in Resources */,
				E68F72781C02E88F007B3A3C /* Main.storyboard in Resources */,
			);
			runOnlyForDeploymentPostprocessing = 0;
		};
/* End PBXResourcesBuildPhase section */

/* Begin PBXShellScriptBuildPhase section */
		790FD4BBA45C56CD624A3EA7 /* Check Pods Manifest.lock */ = {
			isa = PBXShellScriptBuildPhase;
			buildActionMask = 2147483647;
			files = (
			);
			inputPaths = (
			);
			name = "Check Pods Manifest.lock";
			outputPaths = (
			);
			runOnlyForDeploymentPostprocessing = 0;
			shellPath = /bin/sh;
			shellScript = "diff \"${PODS_ROOT}/../Podfile.lock\" \"${PODS_ROOT}/Manifest.lock\" > /dev/null\nif [[ $? != 0 ]] ; then\n    cat << EOM\nerror: The sandbox is not in sync with the Podfile.lock. Run 'pod install' or update your CocoaPods installation.\nEOM\n    exit 1\nfi\n";
			showEnvVarsInLog = 0;
		};
		90F6A3EB972B05A845490817 /* Embed Pods Frameworks */ = {
			isa = PBXShellScriptBuildPhase;
			buildActionMask = 2147483647;
			files = (
			);
			inputPaths = (
			);
			name = "Embed Pods Frameworks";
			outputPaths = (
			);
			runOnlyForDeploymentPostprocessing = 0;
			shellPath = /bin/sh;
			shellScript = "\"${SRCROOT}/Pods/Target Support Files/Pods/Pods-frameworks.sh\"\n";
			showEnvVarsInLog = 0;
		};
		E4F4D020C1B7156160328F36 /* Copy Pods Resources */ = {
			isa = PBXShellScriptBuildPhase;
			buildActionMask = 2147483647;
			files = (
			);
			inputPaths = (
			);
			name = "Copy Pods Resources";
			outputPaths = (
			);
			runOnlyForDeploymentPostprocessing = 0;
			shellPath = /bin/sh;
			shellScript = "\"${SRCROOT}/Pods/Target Support Files/Pods/Pods-resources.sh\"\n";
			showEnvVarsInLog = 0;
		};
/* End PBXShellScriptBuildPhase section */

/* Begin PBXSourcesBuildPhase section */
		E679D4D11C157AB500525004 /* Sources */ = {
			isa = PBXSourcesBuildPhase;
			buildActionMask = 2147483647;
			files = (
				E679D4D81C157AB500525004 /* SortimeUITests.m in Sources */,
			);
			runOnlyForDeploymentPostprocessing = 0;
		};
		E679D4DF1C157ABF00525004 /* Sources */ = {
			isa = PBXSourcesBuildPhase;
			buildActionMask = 2147483647;
			files = (
				E679D4E61C157ABF00525004 /* SortimeTests.m in Sources */,
			);
			runOnlyForDeploymentPostprocessing = 0;
		};
		E68F72661C02E88F007B3A3C /* Sources */ = {
			isa = PBXSourcesBuildPhase;
			buildActionMask = 2147483647;
			files = (
				E68EA0861C1D4EA900797674 /* SettingSwitchModel.m in Sources */,
				E68F729D1C0318CC007B3A3C /* CalendarWeekView.m in Sources */,
				E68E9F3A1C1C60B600797674 /* NSString+ChineseCalendar.m in Sources */,
				E69815BE1C0B25F300DDBA96 /* AddFriendSearchView.m in Sources */,
				E68EA0891C1D4F1F00797674 /* BaseTableViewController.m in Sources */,
				E60223C31C12E13D0049BECE /* UIView+Extension.m in Sources */,
				E68EA07A1C1D4D3800797674 /* SettingModel.m in Sources */,
				E60223C01C12E13D0049BECE /* NSDate+CalciferExtension.m in Sources */,
				E68F729A1C0318BF007B3A3C /* CalendarListView.m in Sources */,
				E6833A9E1C05CE1C000020E0 /* CalendarListPageWeatherModel.m in Sources */,
				E6E3D5531C11BA0900EE012C /* MainTabBarController.m in Sources */,
				E68E9F3F1C1D45DE00797674 /* SettingCell.m in Sources */,
				E69815C41C0B2B5A00DDBA96 /* TwoDimentionCodeViewController.m in Sources */,
				E69815C11C0B261C00DDBA96 /* AddFriendTableView.m in Sources */,
				E6E3D5511C11BA0900EE012C /* main.m in Sources */,
				E6833AB01C062927000020E0 /* SmartAddTitleView.m in Sources */,
				E6BABE481C04CDD3005C9409 /* CalendarListPageView.m in Sources */,
				E65F42591C0B4821004EFB00 /* CalendarSwitchViewController.m in Sources */,
				E6A29FA91C0EE3F2006E5143 /* CalendarListPageViewController.m in Sources */,
				E6FFF2481C08482E00E6B081 /* CalendarListPageTableView.m in Sources */,
				E6FFF2601C09953D00E6B081 /* AlertViewController.m in Sources */,
				E612B9E71C1C0AB90089BA3C /* WeatherModel.m in Sources */,
				E68F72A31C0318E4007B3A3C /* CalendarCoverView.m in Sources */,
				E6FFF2541C09951E00E6B081 /* SmartAddViewController.m in Sources */,
				E6FFF25E1C09953D00E6B081 /* AleatNavigationController.m in Sources */,
				E68E9F441C1D45F900797674 /* SettingNavigationController.m in Sources */,
				E65F42561C0B47F4004EFB00 /* CalendarSwitchView.m in Sources */,
				E68EA0801C1D4E4700797674 /* SettingLabelModel.m in Sources */,
				E612B9E21C1C03890089BA3C /* NSArray+Extension.m in Sources */,
				E67774421C0C1BBF00FA598F /* CalendarTitleView.m in Sources */,
				E6E3D55B1C11CB6C00EE012C /* DataBaseManager.m in Sources */,
				E6FFF24E1C09817100E6B081 /* CalendarListPageTableViewCell.m in Sources */,
				E6E3D54E1C11BA0900EE012C /* AppDelegate.m in Sources */,
				E68F72A91C032169007B3A3C /* CalendarView.m in Sources */,
				E64165181C1C1670003E4587 /* NSArray+NTLJSONKeyPath.m in Sources */,
				E68EA08C1C1D504F00797674 /* SaveTool.m in Sources */,
				E69815BB1C0B258B00DDBA96 /* AddFriendViewController.m in Sources */,
				E60223C21C12E13D0049BECE /* UIImage+Extension.m in Sources */,
				E68F728E1C031818007B3A3C /* CalendarViewController.m in Sources */,
				E68EA0831C1D4E8500797674 /* SettingArrowModel.m in Sources */,
				E6833AA11C05E164000020E0 /* CalendarListPageNoticeView.m in Sources */,
				E68F72971C0318B4007B3A3C /* CalendarMonthView.m in Sources */,
				E6FFF25F1C09953D00E6B081 /* AlertTableView.m in Sources */,
				E68EA07F1C1D4E4700797674 /* SettingGroup.m in Sources */,
				E6833A9B1C05CD17000020E0 /* CalendarListPageWeatherView.m in Sources */,
				E6833AB31C06293D000020E0 /* SmartAddTypeView.m in Sources */,
				E68E9F451C1D45F900797674 /* SettingViewController.m in Sources */,
				E6E3D54F1C11BA0900EE012C /* BaseViewController.m in Sources */,
				E6FFF2631C0995DD00E6B081 /* SegmentButtonView.m in Sources */,
				E612B9E31C1C03890089BA3C /* NSDictionary+Extension.m in Sources */,
				E6E3D5521C11BA0900EE012C /* MainTabBar.m in Sources */,
				E60223C11C12E13D0049BECE /* UIBarButtonItem+Extension.m in Sources */,
				E6FFF2571C09952D00E6B081 /* SmartAddNavigationController.m in Sources */,
				E6E3D55E1C11CB8B00EE012C /* NetworkTool.m in Sources */,
				E6E3D5561C11BA0900EE012C /* ViewController.m in Sources */,
				E68F72881C0317A5007B3A3C /* CalendarNavigationController.m in Sources */,
				E68F72A01C0318DC007B3A3C /* CalendarDayView.m in Sources */,
			);
			runOnlyForDeploymentPostprocessing = 0;
		};
/* End PBXSourcesBuildPhase section */

/* Begin PBXTargetDependency section */
		E679D4DB1C157AB500525004 /* PBXTargetDependency */ = {
			isa = PBXTargetDependency;
			target = E68F72691C02E88F007B3A3C /* Sortime */;
			targetProxy = E679D4DA1C157AB500525004 /* PBXContainerItemProxy */;
		};
		E679D4E91C157ABF00525004 /* PBXTargetDependency */ = {
			isa = PBXTargetDependency;
			target = E68F72691C02E88F007B3A3C /* Sortime */;
			targetProxy = E679D4E81C157ABF00525004 /* PBXContainerItemProxy */;
		};
/* End PBXTargetDependency section */

/* Begin PBXVariantGroup section */
		E68F72761C02E88F007B3A3C /* Main.storyboard */ = {
			isa = PBXVariantGroup;
			children = (
				E68F72771C02E88F007B3A3C /* Base */,
			);
			name = Main.storyboard;
			sourceTree = "<group>";
		};
		E68F727B1C02E88F007B3A3C /* LaunchScreen.storyboard */ = {
			isa = PBXVariantGroup;
			children = (
				E68F727C1C02E88F007B3A3C /* Base */,
			);
			name = LaunchScreen.storyboard;
			sourceTree = "<group>";
		};
/* End PBXVariantGroup section */

/* Begin XCBuildConfiguration section */
		E679D4DC1C157AB500525004 /* Debug */ = {
			isa = XCBuildConfiguration;
			buildSettings = {
				INFOPLIST_FILE = SortimeUITests/Info.plist;
				LD_RUNPATH_SEARCH_PATHS = "$(inherited) @executable_path/Frameworks @loader_path/Frameworks";
				PRODUCT_BUNDLE_IDENTIFIER = com.Carcifer.SortimeUITests;
				PRODUCT_NAME = "$(TARGET_NAME)";
				TEST_TARGET_NAME = Sortime;
				USES_XCTRUNNER = YES;
			};
			name = Debug;
		};
		E679D4DD1C157AB500525004 /* Release */ = {
			isa = XCBuildConfiguration;
			buildSettings = {
				INFOPLIST_FILE = SortimeUITests/Info.plist;
				LD_RUNPATH_SEARCH_PATHS = "$(inherited) @executable_path/Frameworks @loader_path/Frameworks";
				PRODUCT_BUNDLE_IDENTIFIER = com.Carcifer.SortimeUITests;
				PRODUCT_NAME = "$(TARGET_NAME)";
				TEST_TARGET_NAME = Sortime;
				USES_XCTRUNNER = YES;
			};
			name = Release;
		};
		E679D4EB1C157ABF00525004 /* Debug */ = {
			isa = XCBuildConfiguration;
			buildSettings = {
				BUNDLE_LOADER = "$(TEST_HOST)";
				INFOPLIST_FILE = SortimeTests/Info.plist;
				LD_RUNPATH_SEARCH_PATHS = "$(inherited) @executable_path/Frameworks @loader_path/Frameworks";
				PRODUCT_BUNDLE_IDENTIFIER = com.Carcifer.SortimeTests;
				PRODUCT_NAME = "$(TARGET_NAME)";
				TEST_HOST = "$(BUILT_PRODUCTS_DIR)/Sortime.app/Sortime";
			};
			name = Debug;
		};
		E679D4EC1C157ABF00525004 /* Release */ = {
			isa = XCBuildConfiguration;
			buildSettings = {
				BUNDLE_LOADER = "$(TEST_HOST)";
				INFOPLIST_FILE = SortimeTests/Info.plist;
				LD_RUNPATH_SEARCH_PATHS = "$(inherited) @executable_path/Frameworks @loader_path/Frameworks";
				PRODUCT_BUNDLE_IDENTIFIER = com.Carcifer.SortimeTests;
				PRODUCT_NAME = "$(TARGET_NAME)";
				TEST_HOST = "$(BUILT_PRODUCTS_DIR)/Sortime.app/Sortime";
			};
			name = Release;
		};
		E68F727F1C02E88F007B3A3C /* Debug */ = {
			isa = XCBuildConfiguration;
			buildSettings = {
				ALWAYS_SEARCH_USER_PATHS = NO;
				CLANG_CXX_LANGUAGE_STANDARD = "gnu++0x";
				CLANG_CXX_LIBRARY = "libc++";
				CLANG_ENABLE_MODULES = YES;
				CLANG_ENABLE_OBJC_ARC = YES;
				CLANG_WARN_BOOL_CONVERSION = YES;
				CLANG_WARN_CONSTANT_CONVERSION = YES;
				CLANG_WARN_DIRECT_OBJC_ISA_USAGE = YES_ERROR;
				CLANG_WARN_EMPTY_BODY = YES;
				CLANG_WARN_ENUM_CONVERSION = YES;
				CLANG_WARN_INT_CONVERSION = YES;
				CLANG_WARN_OBJC_ROOT_CLASS = YES_ERROR;
				CLANG_WARN_UNREACHABLE_CODE = YES;
				CLANG_WARN__DUPLICATE_METHOD_MATCH = YES;
				"CODE_SIGN_IDENTITY[sdk=iphoneos*]" = "iPhone Developer";
				COPY_PHASE_STRIP = NO;
				DEBUG_INFORMATION_FORMAT = dwarf;
				ENABLE_STRICT_OBJC_MSGSEND = YES;
				ENABLE_TESTABILITY = YES;
				GCC_C_LANGUAGE_STANDARD = gnu99;
				GCC_DYNAMIC_NO_PIC = NO;
				GCC_INCREASE_PRECOMPILED_HEADER_SHARING = YES;
				GCC_NO_COMMON_BLOCKS = YES;
				GCC_OPTIMIZATION_LEVEL = 0;
				GCC_PREFIX_HEADER = "$(SRCROOT)/Sortime/Sortime.pch";
				GCC_PREPROCESSOR_DEFINITIONS = (
					"DEBUG=1",
					"$(inherited)",
				);
				GCC_WARN_64_TO_32_BIT_CONVERSION = YES;
				GCC_WARN_ABOUT_RETURN_TYPE = YES_ERROR;
				GCC_WARN_UNDECLARED_SELECTOR = YES;
				GCC_WARN_UNINITIALIZED_AUTOS = YES_AGGRESSIVE;
				GCC_WARN_UNUSED_FUNCTION = YES;
				GCC_WARN_UNUSED_VARIABLE = YES;
				INFOPLIST_FILE = "$(SRCROOT)/Sortime/Others/Info.plist";
				IPHONEOS_DEPLOYMENT_TARGET = 9.1;
				MTL_ENABLE_DEBUG_INFO = YES;
				ONLY_ACTIVE_ARCH = YES;
				SDKROOT = iphoneos;
			};
			name = Debug;
		};
		E68F72801C02E88F007B3A3C /* Release */ = {
			isa = XCBuildConfiguration;
			buildSettings = {
				ALWAYS_SEARCH_USER_PATHS = NO;
				CLANG_CXX_LANGUAGE_STANDARD = "gnu++0x";
				CLANG_CXX_LIBRARY = "libc++";
				CLANG_ENABLE_MODULES = YES;
				CLANG_ENABLE_OBJC_ARC = YES;
				CLANG_WARN_BOOL_CONVERSION = YES;
				CLANG_WARN_CONSTANT_CONVERSION = YES;
				CLANG_WARN_DIRECT_OBJC_ISA_USAGE = YES_ERROR;
				CLANG_WARN_EMPTY_BODY = YES;
				CLANG_WARN_ENUM_CONVERSION = YES;
				CLANG_WARN_INT_CONVERSION = YES;
				CLANG_WARN_OBJC_ROOT_CLASS = YES_ERROR;
				CLANG_WARN_UNREACHABLE_CODE = YES;
				CLANG_WARN__DUPLICATE_METHOD_MATCH = YES;
				"CODE_SIGN_IDENTITY[sdk=iphoneos*]" = "iPhone Developer";
				COPY_PHASE_STRIP = NO;
				DEBUG_INFORMATION_FORMAT = "dwarf-with-dsym";
				ENABLE_NS_ASSERTIONS = NO;
				ENABLE_STRICT_OBJC_MSGSEND = YES;
				GCC_C_LANGUAGE_STANDARD = gnu99;
				GCC_INCREASE_PRECOMPILED_HEADER_SHARING = YES;
				GCC_NO_COMMON_BLOCKS = YES;
				GCC_PREFIX_HEADER = "$(SRCROOT)/Sortime/Sortime.pch";
				GCC_WARN_64_TO_32_BIT_CONVERSION = YES;
				GCC_WARN_ABOUT_RETURN_TYPE = YES_ERROR;
				GCC_WARN_UNDECLARED_SELECTOR = YES;
				GCC_WARN_UNINITIALIZED_AUTOS = YES_AGGRESSIVE;
				GCC_WARN_UNUSED_FUNCTION = YES;
				GCC_WARN_UNUSED_VARIABLE = YES;
				INFOPLIST_FILE = "$(SRCROOT)/Sortime/Others/Info.plist";
				IPHONEOS_DEPLOYMENT_TARGET = 9.1;
				MTL_ENABLE_DEBUG_INFO = NO;
				SDKROOT = iphoneos;
				VALIDATE_PRODUCT = YES;
			};
			name = Release;
		};
		E68F72821C02E88F007B3A3C /* Debug */ = {
			isa = XCBuildConfiguration;
			baseConfigurationReference = 58808A527449354C547923BD /* Pods.debug.xcconfig */;
			buildSettings = {
				ASSETCATALOG_COMPILER_APPICON_NAME = AppIcon;
				ASSETCATALOG_COMPILER_LAUNCHIMAGE_NAME = "Brand Assets";
				FRAMEWORK_SEARCH_PATHS = (
					"$(inherited)",
					"$(PROJECT_DIR)",
				);
				GCC_INCREASE_PRECOMPILED_HEADER_SHARING = YES;
				GCC_PREFIX_HEADER = "$(SRCROOT)/Sortime/Others/Sortime.pch";
				INFOPLIST_FILE = "$(SRCROOT)/Sortime/Others/Info.plist";
				IPHONEOS_DEPLOYMENT_TARGET = 8.1;
				LD_RUNPATH_SEARCH_PATHS = "$(inherited) @executable_path/Frameworks";
				LIBRARY_SEARCH_PATHS = (
					"$(inherited)",
					"$(PROJECT_DIR)/Pods",
					"$(PROJECT_DIR)",
				);
				OTHER_LDFLAGS = (
					"$(inherited)",
					"-ObjC",
					"-l\"AFNetworking\"",
					"-l\"BlocksKit\"",
					"-l\"DKNightVersion\"",
					"-l\"MBProgressHUD\"",
					"-l\"MJExtension\"",
					"-l\"MJRefresh\"",
					"-l\"Masonry\"",
					"-l\"SDWebImage\"",
					"-l\"SECoreTextView\"",
					"-l\"UITableView+FDTemplateLayoutCell\"",
					"-l\"iCarousel\"",
					"-framework",
					"\"AVFoundation\"",
					"-framework",
					"\"Bugtags\"",
					"-framework",
					"\"CFNetwork\"",
					"-framework",
					"\"CoreGraphics\"",
					"-framework",
					"\"CoreLocation\"",
					"-framework",
					"\"CoreText\"",
					"-framework",
					"\"Foundation\"",
					"-framework",
					"\"ImageIO\"",
					"-framework",
					"\"MessageUI\"",
					"-framework",
					"\"MobileCoreServices\"",
					"-framework",
					"\"QuartzCore\"",
					"-framework",
					"\"Security\"",
					"-framework",
					"\"SystemConfiguration\"",
					"-framework",
					"\"UIKit\"",
					"-ObjC",
					"-lz",
					"-framework",
					Reveal,
				);
				PRODUCT_BUNDLE_IDENTIFIER = com.apress.Sortime1;
				PRODUCT_NAME = "$(TARGET_NAME)";
			};
			name = Debug;
		};
		E68F72831C02E88F007B3A3C /* Release */ = {
			isa = XCBuildConfiguration;
			baseConfigurationReference = 3AB958006BE5D24805E854EC /* Pods.release.xcconfig */;
			buildSettings = {
				ASSETCATALOG_COMPILER_APPICON_NAME = AppIcon;
				ASSETCATALOG_COMPILER_LAUNCHIMAGE_NAME = "Brand Assets";
				FRAMEWORK_SEARCH_PATHS = (
					"$(inherited)",
					"$(PROJECT_DIR)",
				);
				GCC_INCREASE_PRECOMPILED_HEADER_SHARING = YES;
				GCC_PREFIX_HEADER = "$(SRCROOT)/Sortime/Others/Sortime.pch";
				INFOPLIST_FILE = "$(SRCROOT)/Sortime/Others/Info.plist";
				IPHONEOS_DEPLOYMENT_TARGET = 8.1;
				LD_RUNPATH_SEARCH_PATHS = "$(inherited) @executable_path/Frameworks";
				LIBRARY_SEARCH_PATHS = (
					"$(inherited)",
					"$(PROJECT_DIR)/Pods",
					"$(PROJECT_DIR)",
				);
				OTHER_LDFLAGS = (
					"$(inherited)",
					"-ObjC",
					"-l\"AFNetworking\"",
					"-l\"BlocksKit\"",
					"-l\"DKNightVersion\"",
					"-l\"MBProgressHUD\"",
					"-l\"MJExtension\"",
					"-l\"MJRefresh\"",
					"-l\"Masonry\"",
					"-l\"SDWebImage\"",
					"-l\"SECoreTextView\"",
					"-l\"UITableView+FDTemplateLayoutCell\"",
					"-l\"iCarousel\"",
					"-framework",
					"\"AVFoundation\"",
					"-framework",
					"\"Bugtags\"",
					"-framework",
					"\"CFNetwork\"",
					"-framework",
					"\"CoreGraphics\"",
					"-framework",
					"\"CoreLocation\"",
					"-framework",
					"\"CoreText\"",
					"-framework",
					"\"Foundation\"",
					"-framework",
					"\"ImageIO\"",
					"-framework",
					"\"MessageUI\"",
					"-framework",
					"\"MobileCoreServices\"",
					"-framework",
					"\"QuartzCore\"",
					"-framework",
					"\"Security\"",
					"-framework",
					"\"SystemConfiguration\"",
					"-framework",
					"\"UIKit\"",
					"-ObjC",
					"-lz",
					"-framework",
					Reveal,
				);
				PRODUCT_BUNDLE_IDENTIFIER = com.apress.Sortime1;
				PRODUCT_NAME = "$(TARGET_NAME)";
			};
			name = Release;
		};
/* End XCBuildConfiguration section */

/* Begin XCConfigurationList section */
		E679D4DE1C157AB500525004 /* Build configuration list for PBXNativeTarget "SortimeUITests" */ = {
			isa = XCConfigurationList;
			buildConfigurations = (
				E679D4DC1C157AB500525004 /* Debug */,
				E679D4DD1C157AB500525004 /* Release */,
			);
			defaultConfigurationIsVisible = 0;
			defaultConfigurationName = Release;
		};
		E679D4EA1C157ABF00525004 /* Build configuration list for PBXNativeTarget "SortimeTests" */ = {
			isa = XCConfigurationList;
			buildConfigurations = (
				E679D4EB1C157ABF00525004 /* Debug */,
				E679D4EC1C157ABF00525004 /* Release */,
			);
			defaultConfigurationIsVisible = 0;
			defaultConfigurationName = Release;
		};
		E68F72651C02E88F007B3A3C /* Build configuration list for PBXProject "Sortime" */ = {
			isa = XCConfigurationList;
			buildConfigurations = (
				E68F727F1C02E88F007B3A3C /* Debug */,
				E68F72801C02E88F007B3A3C /* Release */,
			);
			defaultConfigurationIsVisible = 0;
			defaultConfigurationName = Release;
		};
		E68F72811C02E88F007B3A3C /* Build configuration list for PBXNativeTarget "Sortime" */ = {
			isa = XCConfigurationList;
			buildConfigurations = (
				E68F72821C02E88F007B3A3C /* Debug */,
				E68F72831C02E88F007B3A3C /* Release */,
			);
			defaultConfigurationIsVisible = 0;
			defaultConfigurationName = Release;
		};
/* End XCConfigurationList section */
	};
	rootObject = E68F72621C02E88F007B3A3C /* Project object */;
}
